# This file is autogenerated, do not edit; changes may be undone by the next 'dep ensure'.


[[projects]]
  name = "github.com/Knetic/govaluate"
  packages = ["."]
  revision = "d216395917cc49052c7c7094cf57f09657ca08a8"
  version = "v3.0.0"

[[projects]]
  branch = "master"
  name = "github.com/cloudflare/cfssl"
  packages = ["api","auth","certdb","config","crypto/pkcs7","csr","errors","helpers","helpers/derhelpers","info","log","ocsp/config","signer"]
  revision = "ed5223a490ece4d66899bbb292e3e46c0677cb86"

[[projects]]
  name = "github.com/fsnotify/fsnotify"
  packages = ["."]
  revision = "c2828203cd70a50dcccfb2761f8b1f8ceef9a8e9"
  version = "v1.4.7"

[[projects]]
  branch = "master"
  name = "github.com/golang/protobuf"
  packages = ["proto","ptypes","ptypes/any","ptypes/duration","ptypes/timestamp"]
  revision = "925541529c1fa6821df4e44ce2723319eb2be768"

[[projects]]
  branch = "master"
  name = "github.com/google/certificate-transparency-go"
  packages = [".","asn1","tls","x509","x509/pkix"]
  revision = "7e066790ea4dd39520a6521bd33ddd4769cb6c9e"

[[projects]]
  branch = "master"
  name = "github.com/hashicorp/hcl"
  packages = [".","hcl/ast","hcl/parser","hcl/printer","hcl/scanner","hcl/strconv","hcl/token","json/parser","json/scanner","json/token"]
  revision = "23c074d0eceb2b8a5bfdbb271ab780cde70f05a8"

[[projects]]
  branch = "master"
  name = "github.com/hyperledger/fabric-sdk-go"
  packages = ["api/apiconfig","api/apicore","api/apicryptosuite","api/apifabca","api/apifabclient","api/apilogging","api/apitxn","api/apitxn/chmgmtclient","api/apitxn/resmgmtclient","api/apitxn/txnhandler","internal/github.com/hyperledger/fabric-ca/api","internal/github.com/hyperledger/fabric-ca/lib","internal/github.com/hyperledger/fabric-ca/lib/tls","internal/github.com/hyperledger/fabric-ca/sdkpatch/cryptosuitebridge","internal/github.com/hyperledger/fabric-ca/sdkpatch/logbridge","internal/github.com/hyperledger/fabric-ca/util","internal/github.com/hyperledger/fabric/bccsp","internal/github.com/hyperledger/fabric/bccsp/factory/sw","internal/github.com/hyperledger/fabric/bccsp/signer","internal/github.com/hyperledger/fabric/bccsp/sw","internal/github.com/hyperledger/fabric/bccsp/utils","internal/github.com/hyperledger/fabric/common/channelconfig","internal/github.com/hyperledger/fabric/common/crypto","internal/github.com/hyperledger/fabric/common/util","internal/github.com/hyperledger/fabric/events/consumer","internal/github.com/hyperledger/fabric/msp","internal/github.com/hyperledger/fabric/protos/orderer","internal/github.com/hyperledger/fabric/sdkpatch/cryptosuitebridge","internal/github.com/hyperledger/fabric/sdkpatch/logbridge","pkg/config","pkg/config/comm","pkg/config/cryptoutil","pkg/config/urlutil","pkg/cryptosuite","pkg/cryptosuite/bccsp/sw","pkg/cryptosuite/bccsp/wrapper","pkg/errors","pkg/fabric-ca-client","pkg/fabric-client","pkg/fabric-client/ccpackager/gopackager","pkg/fabric-client/channel","pkg/fabric-client/credentialmgr","pkg/fabric-client/events","pkg/fabric-client/events/consumer","pkg/fabric-client/identity","pkg/fabric-client/internal","pkg/fabric-client/internal/txnproc","pkg/fabric-client/keyvaluestore","pkg/fabric-client/mocks","pkg/fabric-client/orderer","pkg/fabric-client/peer","pkg/fabric-client/resource","pkg/fabric-client/signingmgr","pkg/fabric-txn/chclient","pkg/fabric-txn/chmgmtclient","pkg/fabric-txn/discovery/staticdiscovery","pkg/fabric-txn/internal","pkg/fabric-txn/resmgmtclient","pkg/fabric-txn/selection/staticselection","pkg/fabric-txn/txnhandler","pkg/fabsdk","pkg/fabsdk/api","pkg/fabsdk/factory/defclient","pkg/fabsdk/factory/defcore","pkg/fabsdk/factory/defsvc","pkg/fabsdk/provider/chpvdr","pkg/fabsdk/provider/fabpvdr","pkg/logging","pkg/logging/decorator","pkg/logging/modlog","pkg/logging/utils","pkg/status","test/integration","test/metadata","third_party/github.com/hyperledger/fabric/common/cauthdsl","third_party/github.com/hyperledger/fabric/core/ledger/kvledger/txmgmt/rwsetutil","third_party/github.com/hyperledger/fabric/core/ledger/util","third_party/github.com/hyperledger/fabric/protos/common","third_party/github.com/hyperledger/fabric/protos/ledger/rwset","third_party/github.com/hyperledger/fabric/protos/ledger/rwset/kvrwset","third_party/github.com/hyperledger/fabric/protos/msp","third_party/github.com/hyperledger/fabric/protos/orderer","third_party/github.com/hyperledger/fabric/protos/peer","third_party/github.com/hyperledger/fabric/protos/utils"]
  revision = "b0efb7e9a67e444553bfaaeedc99022b55b83cad"

[[projects]]
  name = "github.com/magiconair/properties"
  packages = ["."]
  revision = "d419a98cdbed11a922bf76f257b7c4be79b50e73"
  version = "v1.7.4"

[[projects]]
  branch = "master"
  name = "github.com/mitchellh/mapstructure"
  packages = ["."]
  revision = "b4575eea38cca1123ec2dc90c26529b5c5acfcff"

[[projects]]
  name = "github.com/pelletier/go-toml"
  packages = ["."]
  revision = "acdc4509485b587f5e675510c4f2c63e90ff68a8"
  version = "v1.1.0"

[[projects]]
  branch = "master"
  name = "github.com/pkg/errors"
  packages = ["."]
  revision = "30136e27e2ac8d167177e8a583aa4c3fea5be833"

[[projects]]
  name = "github.com/spf13/afero"
  packages = [".","mem"]
  revision = "bb8f1927f2a9d3ab41c9340aa034f6b803f4359c"
  version = "v1.0.2"

[[projects]]
  name = "github.com/spf13/cast"
  packages = ["."]
  revision = "acbeb36b902d72a7a4c18e8f3241075e7ab763e4"
  version = "v1.1.0"

[[projects]]
  branch = "master"
  name = "github.com/spf13/jwalterweatherman"
  packages = ["."]
  revision = "7c0cea34c8ece3fbeb2b27ab9b59511d360fb394"

[[projects]]
  name = "github.com/spf13/pflag"
  packages = ["."]
  revision = "e57e3eeb33f795204c1ca35f56c44f83227c6e66"
  version = "v1.0.0"

[[projects]]
  branch = "master"
  name = "github.com/spf13/viper"
  packages = ["."]
  revision = "aafc9e6bc7b7bb53ddaa75a5ef49a17d6e654be5"

[[projects]]
  branch = "master"
  name = "golang.org/x/crypto"
  packages = ["ocsp","pkcs12","pkcs12/internal/rc2","sha3"]
  revision = "1875d0a70c90e57f11972aefd42276df65e895b9"

[[projects]]
  branch = "master"
  name = "golang.org/x/net"
  packages = ["context","http2","http2/hpack","idna","internal/timeseries","lex/httplex","trace"]
  revision = "0ed95abb35c445290478a5348a7b38bb154135fd"

[[projects]]
  branch = "master"
  name = "golang.org/x/sync"
  packages = ["syncmap"]
  revision = "fd80eb99c8f653c847d294a001bdf2a3a6f768f5"

[[projects]]
  branch = "master"
  name = "golang.org/x/sys"
  packages = ["unix"]
  revision = "3dbebcf8efb6a5011a60c2b4591c1022a759af8a"

[[projects]]
  branch = "master"
  name = "golang.org/x/text"
  packages = ["collate","collate/build","internal/colltab","internal/gen","internal/tag","internal/triegen","internal/ucd","language","secure/bidirule","transform","unicode/bidi","unicode/cldr","unicode/norm","unicode/rangetable"]
  revision = "e19ae1496984b1c655b8044a65c0300a3c878dd3"

[[projects]]
  branch = "master"
  name = "google.golang.org/genproto"
  packages = ["googleapis/rpc/status"]
  revision = "4eb30f4778eed4c258ba66527a0d4f9ec8a36c45"

[[projects]]
  name = "google.golang.org/grpc"
  packages = [".","balancer","balancer/base","balancer/roundrobin","codes","connectivity","credentials","encoding","grpclb/grpc_lb_v1/messages","grpclog","internal","keepalive","metadata","naming","peer","resolver","resolver/dns","resolver/passthrough","stats","status","tap","transport"]
  revision = "6b51017f791ae1cfbec89c52efdf444b13b550ef"
  version = "v1.9.2"

[[projects]]
  branch = "v2"
  name = "gopkg.in/yaml.v2"
  packages = ["."]
  revision = "d670f9405373e636a5a2765eea47fac0c9bc91a4"

[solve-meta]
  analyzer-name = "dep"
  analyzer-version = 1
  inputs-digest = "f48943ad0ba520899dd0c15fcb0fdff2015a684c1f00d951d23e6f21b5acacd4"
  solver-name = "gps-cdcl"
  solver-version = 1
